Microsoft Visual Studio Solution File, Format Version 11.00
# Visual Studio 2010
Project("{FAE04EC0-301F-11D3-BF4B-00C04F79EFBC}") = "Test.Domain", "Test.Domain\Test.Domain.csproj", "{170FF167-9B7C-4DDF-AF2E-80EC0C79008D}"
EndProject
Project("{FAE04EC0-301F-11D3-BF4B-00C04F79EFBC}") = "Domain", "Domain\Domain.csproj", "{824C4A7A-9AC6-46BF-B151-4DC7D93C230B}"
EndProject
Project("{FAE04EC0-301F-11D3-BF4B-00C04F79EFBC}") = "Events", "Events\Events.csproj", "{D43D98CD-3211-4479-867E-B1EFC6437968}"
EndProject
Project("{FAE04EC0-301F-11D3-BF4B-00C04F79EFBC}") = "InMemoryEventStore", "InMemoryEventStore\InMemoryEventStore.csproj", "{196354CC-9402-46BA-9C98-593E41F61180}"
EndProject
Project("{2150E333-8FDC-42A3-9474-1A3956D46DE8}") = "Application", "Application", "{B6E1719C-80BA-4C78-BB99-DC5F3BC27435}"
EndProject
Project("{2150E333-8FDC-42A3-9474-1A3956D46DE8}") = "Test", "Test", "{4D25612C-0647-4D58-A1ED-66E021A81437}"
EndProject
Project("{FAE04EC0-301F-11D3-BF4B-00C04F79EFBC}") = "Test.InMemoryEventStore", "Test.InMemoryEventStore\Test.InMemoryEventStore.csproj", "{1582A2A2-576E-4658-9627-3B79589E55A7}"
EndProject
Project("{FAE04EC0-301F-11D3-BF4B-00C04F79EFBC}") = "Commands", "Commands\Commands.csproj", "{B5945218-9569-419A-86FE-8F747095D063}"
EndProject
Project("{FAE04EC0-301F-11D3-BF4B-00C04F79EFBC}") = "CommandHandlers", "CommandHandlers\CommandHandlers.csproj", "{516EF749-9C03-4A4A-83D1-AAA763E54E83}"
EndProject
Project("{FAE04EC0-301F-11D3-BF4B-00C04F79EFBC}") = "Test.CommandHandlers", "Test.CommandHandlers\Test.CommandHandlers.csproj", "{F6BDDF04-26EC-4313-BD21-D20F200CD1C2}"
EndProject
Global
	GlobalSection(SolutionConfigurationPlatforms) = preSolution
		Debug|Any CPU = Debug|Any CPU
		Release|Any CPU = Release|Any CPU
	EndGlobalSection
	GlobalSection(ProjectConfigurationPlatforms) = postSolution
		{170FF167-9B7C-4DDF-AF2E-80EC0C79008D}.Debug|Any CPU.ActiveCfg = Debug|Any CPU
		{170FF167-9B7C-4DDF-AF2E-80EC0C79008D}.Debug|Any CPU.Build.0 = Debug|Any CPU
		{170FF167-9B7C-4DDF-AF2E-80EC0C79008D}.Release|Any CPU.ActiveCfg = Release|Any CPU
		{170FF167-9B7C-4DDF-AF2E-80EC0C79008D}.Release|Any CPU.Build.0 = Release|Any CPU
		{824C4A7A-9AC6-46BF-B151-4DC7D93C230B}.Debug|Any CPU.ActiveCfg = Debug|Any CPU
		{824C4A7A-9AC6-46BF-B151-4DC7D93C230B}.Debug|Any CPU.Build.0 = Debug|Any CPU
		{824C4A7A-9AC6-46BF-B151-4DC7D93C230B}.Release|Any CPU.ActiveCfg = Release|Any CPU
		{824C4A7A-9AC6-46BF-B151-4DC7D93C230B}.Release|Any CPU.Build.0 = Release|Any CPU
		{D43D98CD-3211-4479-867E-B1EFC6437968}.Debug|Any CPU.ActiveCfg = Debug|Any CPU
		{D43D98CD-3211-4479-867E-B1EFC6437968}.Debug|Any CPU.Build.0 = Debug|Any CPU
		{D43D98CD-3211-4479-867E-B1EFC6437968}.Release|Any CPU.ActiveCfg = Release|Any CPU
		{D43D98CD-3211-4479-867E-B1EFC6437968}.Release|Any CPU.Build.0 = Release|Any CPU
		{196354CC-9402-46BA-9C98-593E41F61180}.Debug|Any CPU.ActiveCfg = Debug|Any CPU
		{196354CC-9402-46BA-9C98-593E41F61180}.Debug|Any CPU.Build.0 = Debug|Any CPU
		{196354CC-9402-46BA-9C98-593E41F61180}.Release|Any CPU.ActiveCfg = Release|Any CPU
		{196354CC-9402-46BA-9C98-593E41F61180}.Release|Any CPU.Build.0 = Release|Any CPU
		{1582A2A2-576E-4658-9627-3B79589E55A7}.Debug|Any CPU.ActiveCfg = Debug|Any CPU
		{1582A2A2-576E-4658-9627-3B79589E55A7}.Debug|Any CPU.Build.0 = Debug|Any CPU
		{1582A2A2-576E-4658-9627-3B79589E55A7}.Release|Any CPU.ActiveCfg = Release|Any CPU
		{1582A2A2-576E-4658-9627-3B79589E55A7}.Release|Any CPU.Build.0 = Release|Any CPU
		{B5945218-9569-419A-86FE-8F747095D063}.Debug|Any CPU.ActiveCfg = Debug|Any CPU
		{B5945218-9569-419A-86FE-8F747095D063}.Debug|Any CPU.Build.0 = Debug|Any CPU
		{B5945218-9569-419A-86FE-8F747095D063}.Release|Any CPU.ActiveCfg = Release|Any CPU
		{B5945218-9569-419A-86FE-8F747095D063}.Release|Any CPU.Build.0 = Release|Any CPU
		{516EF749-9C03-4A4A-83D1-AAA763E54E83}.Debug|Any CPU.ActiveCfg = Debug|Any CPU
		{516EF749-9C03-4A4A-83D1-AAA763E54E83}.Debug|Any CPU.Build.0 = Debug|Any CPU
		{516EF749-9C03-4A4A-83D1-AAA763E54E83}.Release|Any CPU.ActiveCfg = Release|Any CPU
		{516EF749-9C03-4A4A-83D1-AAA763E54E83}.Release|Any CPU.Build.0 = Release|Any CPU
		{F6BDDF04-26EC-4313-BD21-D20F200CD1C2}.Debug|Any CPU.ActiveCfg = Debug|Any CPU
		{F6BDDF04-26EC-4313-BD21-D20F200CD1C2}.Debug|Any CPU.Build.0 = Debug|Any CPU
		{F6BDDF04-26EC-4313-BD21-D20F200CD1C2}.Release|Any CPU.ActiveCfg = Release|Any CPU
		{F6BDDF04-26EC-4313-BD21-D20F200CD1C2}.Release|Any CPU.Build.0 = Release|Any CPU
	EndGlobalSection
	GlobalSection(SolutionProperties) = preSolution
		HideSolutionNode = FALSE
	EndGlobalSection
	GlobalSection(NestedProjects) = preSolution
		{170FF167-9B7C-4DDF-AF2E-80EC0C79008D} = {4D25612C-0647-4D58-A1ED-66E021A81437}
		{1582A2A2-576E-4658-9627-3B79589E55A7} = {4D25612C-0647-4D58-A1ED-66E021A81437}
		{F6BDDF04-26EC-4313-BD21-D20F200CD1C2} = {4D25612C-0647-4D58-A1ED-66E021A81437}
		{D43D98CD-3211-4479-867E-B1EFC6437968} = {B6E1719C-80BA-4C78-BB99-DC5F3BC27435}
		{196354CC-9402-46BA-9C98-593E41F61180} = {B6E1719C-80BA-4C78-BB99-DC5F3BC27435}
		{824C4A7A-9AC6-46BF-B151-4DC7D93C230B} = {B6E1719C-80BA-4C78-BB99-DC5F3BC27435}
		{B5945218-9569-419A-86FE-8F747095D063} = {B6E1719C-80BA-4C78-BB99-DC5F3BC27435}
		{516EF749-9C03-4A4A-83D1-AAA763E54E83} = {B6E1719C-80BA-4C78-BB99-DC5F3BC27435}
	EndGlobalSection
EndGlobal
